// !$*UTF8*$!
{
	archiveVersion = 1;
	classes = {
	};
	objectVersion = 46;
	objects = {

/* Begin PBXBuildFile section */
		9D13EF921E2F65380070EB6C /* main.m in Sources */ = {isa = PBXBuildFile; fileRef = 9D13EF911E2F65380070EB6C /* main.m */; };
		9D13EF951E2F65380070EB6C /* AppDelegate.m in Sources */ = {isa = PBXBuildFile; fileRef = 9D13EF941E2F65380070EB6C /* AppDelegate.m */; };
		9D13EF981E2F65380070EB6C /* ViewController.m in Sources */ = {isa = PBXBuildFile; fileRef = 9D13EF971E2F65380070EB6C /* ViewController.m */; };
		9D13EF9B1E2F65380070EB6C /* Main.storyboard in Resources */ = {isa = PBXBuildFile; fileRef = 9D13EF991E2F65380070EB6C /* Main.storyboard */; };
		9D13EF9D1E2F65380070EB6C /* Assets.xcassets in Resources */ = {isa = PBXBuildFile; fileRef = 9D13EF9C1E2F65380070EB6C /* Assets.xcassets */; };
		9D13EFA01E2F65380070EB6C /* LaunchScreen.storyboard in Resources */ = {isa = PBXBuildFile; fileRef = 9D13EF9E1E2F65380070EB6C /* LaunchScreen.storyboard */; };
		9D13EFAB1E2F65380070EB6C /* BombTestTests.m in Sources */ = {isa = PBXBuildFile; fileRef = 9D13EFAA1E2F65380070EB6C /* BombTestTests.m */; };
		9D13EFB61E2F65380070EB6C /* BombTestUITests.m in Sources */ = {isa = PBXBuildFile; fileRef = 9D13EFB51E2F65380070EB6C /* BombTestUITests.m */; };
		9D13EFC41E2F65E30070EB6C /* BmobSDK.framework in Frameworks */ = {isa = PBXBuildFile; fileRef = 9D13EFC31E2F65E30070EB6C /* BmobSDK.framework */; };
		9D13EFC71E2F67130070EB6C /* CoreLocation.framework in Frameworks */ = {isa = PBXBuildFile; fileRef = 9D13EFC61E2F67130070EB6C /* CoreLocation.framework */; };
		9D13EFC91E2F671E0070EB6C /* Security.framework in Frameworks */ = {isa = PBXBuildFile; fileRef = 9D13EFC81E2F671E0070EB6C /* Security.framework */; };
		9D13EFCB1E2F67290070EB6C /* CoreGraphics.framework in Frameworks */ = {isa = PBXBuildFile; fileRef = 9D13EFCA1E2F67290070EB6C /* CoreGraphics.framework */; };
		9D13EFCD1E2F67320070EB6C /* MobileCoreServices.framework in Frameworks */ = {isa = PBXBuildFile; fileRef = 9D13EFCC1E2F67320070EB6C /* MobileCoreServices.framework */; };
		9D13EFCF1E2F673C0070EB6C /* CFNetwork.framework in Frameworks */ = {isa = PBXBuildFile; fileRef = 9D13EFCE1E2F673C0070EB6C /* CFNetwork.framework */; };
		9D13EFD11E2F67450070EB6C /* CoreTelephony.framework in Frameworks */ = {isa = PBXBuildFile; fileRef = 9D13EFD01E2F67450070EB6C /* CoreTelephony.framework */; };
		9D13EFD31E2F674E0070EB6C /* SystemConfiguration.framework in Frameworks */ = {isa = PBXBuildFile; fileRef = 9D13EFD21E2F674E0070EB6C /* SystemConfiguration.framework */; };
		9D13EFD51E2F675A0070EB6C /* libz.1.2.5.tbd in Frameworks */ = {isa = PBXBuildFile; fileRef = 9D13EFD41E2F675A0070EB6C /* libz.1.2.5.tbd */; };
		9D13EFD71E2F67670070EB6C /* libicucore.tbd in Frameworks */ = {isa = PBXBuildFile; fileRef = 9D13EFD61E2F67670070EB6C /* libicucore.tbd */; };
		9D13EFD91E2F67700070EB6C /* libsqlite3.tbd in Frameworks */ = {isa = PBXBuildFile; fileRef = 9D13EFD81E2F67700070EB6C /* libsqlite3.tbd */; };
/* End PBXBuildFile section */

/* Begin PBXContainerItemProxy section */
		9D13EFA71E2F65380070EB6C /* PBXContainerItemProxy */ = {
			isa = PBXContainerItemProxy;
			containerPortal = 9D13EF851E2F65380070EB6C /* Project object */;
			proxyType = 1;
			remoteGlobalIDString = 9D13EF8C1E2F65380070EB6C;
			remoteInfo = BombTest;
		};
		9D13EFB21E2F65380070EB6C /* PBXContainerItemProxy */ = {
			isa = PBXContainerItemProxy;
			containerPortal = 9D13EF851E2F65380070EB6C /* Project object */;
			proxyType = 1;
			remoteGlobalIDString = 9D13EF8C1E2F65380070EB6C;
			remoteInfo = BombTest;
		};
/* End PBXContainerItemProxy section */

/* Begin PBXFileReference section */
		9D13EF8D1E2F65380070EB6C /* BombTest.app */ = {isa = PBXFileReference; explicitFileType = wrapper.application; includeInIndex = 0; path = BombTest.app; sourceTree = BUILT_PRODUCTS_DIR; };
		9D13EF911E2F65380070EB6C /* main.m */ = {isa = PBXFileReference; lastKnownFileType = sourcecode.c.objc; path = main.m; sourceTree = "<group>"; };
		9D13EF931E2F65380070EB6C /* AppDelegate.h */ = {isa = PBXFileReference; lastKnownFileType = sourcecode.c.h; path = AppDelegate.h; sourceTree = "<group>"; };
		9D13EF941E2F65380070EB6C /* AppDelegate.m */ = {isa = PBXFileReference; lastKnownFileType = sourcecode.c.objc; path = AppDelegate.m; sourceTree = "<group>"; };
		9D13EF961E2F65380070EB6C /* ViewController.h */ = {isa = PBXFileReference; lastKnownFileType = sourcecode.c.h; path = ViewController.h; sourceTree = "<group>"; };
		9D13EF971E2F65380070EB6C /* ViewController.m */ = {isa = PBXFileReference; lastKnownFileType = sourcecode.c.objc; path = ViewController.m; sourceTree = "<group>"; };
		9D13EF9A1E2F65380070EB6C /* Base */ = {isa = PBXFileReference; lastKnownFileType = file.storyboard; name = Base; path = Base.lproj/Main.storyboard; sourceTree = "<group>"; };
		9D13EF9C1E2F65380070EB6C /* Assets.xcassets */ = {isa = PBXFileReference; lastKnownFileType = folder.assetcatalog; path = Assets.xcassets; sourceTree = "<group>"; };
		9D13EF9F1E2F65380070EB6C /* Base */ = {isa = PBXFileReference; lastKnownFileType = file.storyboard; name = Base; path = Base.lproj/LaunchScreen.storyboard; sourceTree = "<group>"; };
		9D13EFA11E2F65380070EB6C /* Info.plist */ = {isa = PBXFileReference; lastKnownFileType = text.plist.xml; path = Info.plist; sourceTree = "<group>"; };
		9D13EFA61E2F65380070EB6C /* BombTestTests.xctest */ = {isa = PBXFileReference; explicitFileType = wrapper.cfbundle; includeInIndex = 0; path = BombTestTests.xctest; sourceTree = BUILT_PRODUCTS_DIR; };
		9D13EFAA1E2F65380070EB6C /* BombTestTests.m */ = {isa = PBXFileReference; lastKnownFileType = sourcecode.c.objc; path = BombTestTests.m; sourceTree = "<group>"; };
		9D13EFAC1E2F65380070EB6C /* Info.plist */ = {isa = PBXFileReference; lastKnownFileType = text.plist.xml; path = Info.plist; sourceTree = "<group>"; };
		9D13EFB11E2F65380070EB6C /* BombTestUITests.xctest */ = {isa = PBXFileReference; explicitFileType = wrapper.cfbundle; includeInIndex = 0; path = BombTestUITests.xctest; sourceTree = BUILT_PRODUCTS_DIR; };
		9D13EFB51E2F65380070EB6C /* BombTestUITests.m */ = {isa = PBXFileReference; lastKnownFileType = sourcecode.c.objc; path = BombTestUITests.m; sourceTree = "<group>"; };
		9D13EFB71E2F65380070EB6C /* Info.plist */ = {isa = PBXFileReference; lastKnownFileType = text.plist.xml; path = Info.plist; sourceTree = "<group>"; };
		9D13EFC31E2F65E30070EB6C /* BmobSDK.framework */ = {isa = PBXFileReference; lastKnownFileType = wrapper.framework; path = BmobSDK.framework; sourceTree = "<group>"; };
		9D13EFC61E2F67130070EB6C /* CoreLocation.framework */ = {isa = PBXFileReference; lastKnownFileType = wrapper.framework; name = CoreLocation.framework; path = System/Library/Frameworks/CoreLocation.framework; sourceTree = SDKROOT; };
		9D13EFC81E2F671E0070EB6C /* Security.framework */ = {isa = PBXFileReference; lastKnownFileType = wrapper.framework; name = Security.framework; path = System/Library/Frameworks/Security.framework; sourceTree = SDKROOT; };
		9D13EFCA1E2F67290070EB6C /* CoreGraphics.framework */ = {isa = PBXFileReference; lastKnownFileType = wrapper.framework; name = CoreGraphics.framework; path = System/Library/Frameworks/CoreGraphics.framework; sourceTree = SDKROOT; };
		9D13EFCC1E2F67320070EB6C /* MobileCoreServices.framework */ = {isa = PBXFileReference; lastKnownFileType = wrapper.framework; name = MobileCoreServices.framework; path = System/Library/Frameworks/MobileCoreServices.framework; sourceTree = SDKROOT; };
		9D13EFCE1E2F673C0070EB6C /* CFNetwork.framework */ = {isa = PBXFileReference; lastKnownFileType = wrapper.framework; name = CFNetwork.framework; path = System/Library/Frameworks/CFNetwork.framework; sourceTree = SDKROOT; };
		9D13EFD01E2F67450070EB6C /* CoreTelephony.framework */ = {isa = PBXFileReference; lastKnownFileType = wrapper.framework; name = CoreTelephony.framework; path = System/Library/Frameworks/CoreTelephony.framework; sourceTree = SDKROOT; };
		9D13EFD21E2F674E0070EB6C /* SystemConfiguration.framework */ = {isa = PBXFileReference; lastKnownFileType = wrapper.framework; name = SystemConfiguration.framework; path = System/Library/Frameworks/SystemConfiguration.framework; sourceTree = SDKROOT; };
		9D13EFD41E2F675A0070EB6C /* libz.1.2.5.tbd */ = {isa = PBXFileReference; lastKnownFileType = "sourcecode.text-based-dylib-definition"; name = libz.1.2.5.tbd; path = usr/lib/libz.1.2.5.tbd; sourceTree = SDKROOT; };
		9D13EFD61E2F67670070EB6C /* libicucore.tbd */ = {isa = PBXFileReference; lastKnownFileType = "sourcecode.text-based-dylib-definition"; name = libicucore.tbd; path = usr/lib/libicucore.tbd; sourceTree = SDKROOT; };
		9D13EFD81E2F67700070EB6C /* libsqlite3.tbd */ = {isa = PBXFileReference; lastKnownFileType = "sourcecode.text-based-dylib-definition"; name = libsqlite3.tbd; path = usr/lib/libsqlite3.tbd; sourceTree = SDKROOT; };
/* End PBXFileReference section */

/* Begin PBXFrameworksBuildPhase section */
		9D13EF8A1E2F65380070EB6C /* Frameworks */ = {
			isa = PBXFrameworksBuildPhase;
			buildActionMask = 2147483647;
			files = (
				9D13EFD91E2F67700070EB6C /* libsqlite3.tbd in Frameworks */,
				9D13EFD71E2F67670070EB6C /* libicucore.tbd in Frameworks */,
				9D13EFD51E2F675A0070EB6C /* libz.1.2.5.tbd in Frameworks */,
				9D13EFD31E2F674E0070EB6C /* SystemConfiguration.framework in Frameworks */,
				9D13EFD11E2F67450070EB6C /* CoreTelephony.framework in Frameworks */,
				9D13EFCF1E2F673C0070EB6C /* CFNetwork.framework in Frameworks */,
				9D13EFCD1E2F67320070EB6C /* MobileCoreServices.framework in Frameworks */,
				9D13EFCB1E2F67290070EB6C /* CoreGraphics.framework in Frameworks */,
				9D13EFC91E2F671E0070EB6C /* Security.framework in Frameworks */,
				9D13EFC71E2F67130070EB6C /* CoreLocation.framework in Frameworks */,
				9D13EFC41E2F65E30070EB6C /* BmobSDK.framework in Frameworks */,
			);
			runOnlyForDeploymentPostprocessing = 0;
		};
		9D13EFA31E2F65380070EB6C /* Frameworks */ = {
			isa = PBXFrameworksBuildPhase;
			buildActionMask = 2147483647;
			files = (
			);
			runOnlyForDeploymentPostprocessing = 0;
		};
		9D13EFAE1E2F65380070EB6C /* Frameworks */ = {
			isa = PBXFrameworksBuildPhase;
			buildActionMask = 2147483647;
			files = (
			);
			runOnlyForDeploymentPostprocessing = 0;
		};
/* End PBXFrameworksBuildPhase section */

/* Begin PBXGroup section */
		9D13EF841E2F65370070EB6C = {
			isa = PBXGroup;
			children = (
				9D13EF8F1E2F65380070EB6C /* BombTest */,
				9D13EFA91E2F65380070EB6C /* BombTestTests */,
				9D13EFB41E2F65380070EB6C /* BombTestUITests */,
				9D13EF8E1E2F65380070EB6C /* Products */,
				9D13EFC51E2F67130070EB6C /* Frameworks */,
			);
			sourceTree = "<group>";
		};
		9D13EF8E1E2F65380070EB6C /* Products */ = {
			isa = PBXGroup;
			children = (
				9D13EF8D1E2F65380070EB6C /* BombTest.app */,
				9D13EFA61E2F65380070EB6C /* BombTestTests.xctest */,
				9D13EFB11E2F65380070EB6C /* BombTestUITests.xctest */,
			);
			name = Products;
			sourceTree = "<group>";
		};
		9D13EF8F1E2F65380070EB6C /* BombTest */ = {
			isa = PBXGroup;
			children = (
				9D13EF931E2F65380070EB6C /* AppDelegate.h */,
				9D13EF941E2F65380070EB6C /* AppDelegate.m */,
				9D13EF961E2F65380070EB6C /* ViewController.h */,
				9D13EF971E2F65380070EB6C /* ViewController.m */,
				9D13EF991E2F65380070EB6C /* Main.storyboard */,
				9D13EF9C1E2F65380070EB6C /* Assets.xcassets */,
				9D13EF9E1E2F65380070EB6C /* LaunchScreen.storyboard */,
				9D13EFA11E2F65380070EB6C /* Info.plist */,
				9D13EF901E2F65380070EB6C /* Supporting Files */,
			);
			path = BombTest;
			sourceTree = "<group>";
		};
		9D13EF901E2F65380070EB6C /* Supporting Files */ = {
			isa = PBXGroup;
			children = (
				9D13EF911E2F65380070EB6C /* main.m */,
				9D13EFC31E2F65E30070EB6C /* BmobSDK.framework */,
			);
			name = "Supporting Files";
			sourceTree = "<group>";
		};
		9D13EFA91E2F65380070EB6C /* BombTestTests */ = {
			isa = PBXGroup;
			children = (
				9D13EFAA1E2F65380070EB6C /* BombTestTests.m */,
				9D13EFAC1E2F65380070EB6C /* Info.plist */,
			);
			path = BombTestTests;
			sourceTree = "<group>";
		};
		9D13EFB41E2F65380070EB6C /* BombTestUITests */ = {
			isa = PBXGroup;
			children = (
				9D13EFB51E2F65380070EB6C /* BombTestUITests.m */,
				9D13EFB71E2F65380070EB6C /* Info.plist */,
			);
			path = BombTestUITests;
			sourceTree = "<group>";
		};
		9D13EFC51E2F67130070EB6C /* Frameworks */ = {
			isa = PBXGroup;
			children = (
				9D13EFD81E2F67700070EB6C /* libsqlite3.tbd */,
				9D13EFD61E2F67670070EB6C /* libicucore.tbd */,
				9D13EFD41E2F675A0070EB6C /* libz.1.2.5.tbd */,
				9D13EFD21E2F674E0070EB6C /* SystemConfiguration.framework */,
				9D13EFD01E2F67450070EB6C /* CoreTelephony.framework */,
				9D13EFCE1E2F673C0070EB6C /* CFNetwork.framework */,
				9D13EFCC1E2F67320070EB6C /* MobileCoreServices.framework */,
				9D13EFCA1E2F67290070EB6C /* CoreGraphics.framework */,
				9D13EFC81E2F671E0070EB6C /* Security.framework */,
				9D13EFC61E2F67130070EB6C /* CoreLocation.framework */,
			);
			name = Frameworks;
			sourceTree = "<group>";
		};
/* End PBXGroup section */

/* Begin PBXNativeTarget section */
		9D13EF8C1E2F65380070EB6C /* BombTest */ = {
			isa = PBXNativeTarget;
			buildConfigurationList = 9D13EFBA1E2F65380070EB6C /* Build configuration list for PBXNativeTarget "BombTest" */;
			buildPhases = (
				9D13EF891E2F65380070EB6C /* Sources */,
				9D13EF8A1E2F65380070EB6C /* Frameworks */,
				9D13EF8B1E2F65380070EB6C /* Resources */,
			);
			buildRules = (
			);
			dependencies = (
			);
			name = BombTest;
			productName = BombTest;
			productReference = 9D13EF8D1E2F65380070EB6C /* BombTest.app */;
			productType = "com.apple.product-type.application";
		};
		9D13EFA51E2F65380070EB6C /* BombTestTests */ = {
			isa = PBXNativeTarget;
			buildConfigurationList = 9D13EFBD1E2F65380070EB6C /* Build configuration list for PBXNativeTarget "BombTestTests" */;
			buildPhases = (
				9D13EFA21E2F65380070EB6C /* Sources */,
				9D13EFA31E2F65380070EB6C /* Frameworks */,
				9D13EFA41E2F65380070EB6C /* Resources */,
			);
			buildRules = (
			);
			dependencies = (
				9D13EFA81E2F65380070EB6C /* PBXTargetDependency */,
			);
			name = BombTestTests;
			productName = BombTestTests;
			productReference = 9D13EFA61E2F65380070EB6C /* BombTestTests.xctest */;
			productType = "com.apple.product-type.bundle.unit-test";
		};
		9D13EFB01E2F65380070EB6C /* BombTestUITests */ = {
			isa = PBXNativeTarget;
			buildConfigurationList = 9D13EFC01E2F65380070EB6C /* Build configuration list for PBXNativeTarget "BombTestUITests" */;
			buildPhases = (
				9D13EFAD1E2F65380070EB6C /* Sources */,
				9D13EFAE1E2F65380070EB6C /* Frameworks */,
				9D13EFAF1E2F65380070EB6C /* Resources */,
			);
			buildRules = (
			);
			dependencies = (
				9D13EFB31E2F65380070EB6C /* PBXTargetDependency */,
			);
			name = BombTestUITests;
			productName = BombTestUITests;
			productReference = 9D13EFB11E2F65380070EB6C /* BombTestUITests.xctest */;
			productType = "com.apple.product-type.bundle.ui-testing";
		};
/* End PBXNativeTarget section */

/* Begin PBXProject section */
		9D13EF851E2F65380070EB6C /* Project object */ = {
			isa = PBXProject;
			attributes = {
				LastUpgradeCheck = 0810;
				ORGANIZATIONNAME = "冷洪林";
				TargetAttributes = {
					9D13EF8C1E2F65380070EB6C = {
						CreatedOnToolsVersion = 8.1;
						DevelopmentTeam = WHZ86RVEU3;
						ProvisioningStyle = Automatic;
					};
					9D13EFA51E2F65380070EB6C = {
						CreatedOnToolsVersion = 8.1;
						ProvisioningStyle = Automatic;
						TestTargetID = 9D13EF8C1E2F65380070EB6C;
					};
					9D13EFB01E2F65380070EB6C = {
						CreatedOnToolsVersion = 8.1;
						ProvisioningStyle = Automatic;
						TestTargetID = 9D13EF8C1E2F65380070EB6C;
					};
				};
			};
			buildConfigurationList = 9D13EF881E2F65380070EB6C /* Build configuration list for PBXProject "BombTest" */;
			compatibilityVersion = "Xcode 3.2";
			developmentRegion = English;
			hasScannedForEncodings = 0;
			knownRegions = (
				en,
				Base,
			);
			mainGroup = 9D13EF841E2F65370070EB6C;
			productRefGroup = 9D13EF8E1E2F65380070EB6C /* Products */;
			projectDirPath = "";
			projectRoot = "";
			targets = (
				9D13EF8C1E2F65380070EB6C /* BombTest */,
				9D13EFA51E2F65380070EB6C /* BombTestTests */,
				9D13EFB01E2F65380070EB6C /* BombTestUITests */,
			);
		};
/* End PBXProject section */

/* Begin PBXResourcesBuildPhase section */
		9D13EF8B1E2F65380070EB6C /* Resources */ = {
			isa = PBXResourcesBuildPhase;
			buildActionMask = 2147483647;
			files = (
				9D13EFA01E2F65380070EB6C /* LaunchScreen.storyboard in Resources */,
				9D13EF9D1E2F65380070EB6C /* Assets.xcassets in Resources */,
				9D13EF9B1E2F65380070EB6C /* Main.storyboard in Resources */,
			);
			runOnlyForDeploymentPostprocessing = 0;
		};
		9D13EFA41E2F65380070EB6C /* Resources */ = {
			isa = PBXResourcesBuildPhase;
			buildActionMask = 2147483647;
			files = (
			);
			runOnlyForDeploymentPostprocessing = 0;
		};
		9D13EFAF1E2F65380070EB6C /* Resources */ = {
			isa = PBXResourcesBuildPhase;
			buildActionMask = 2147483647;
			files = (
			);
			runOnlyForDeploymentPostprocessing = 0;
		};
/* End PBXResourcesBuildPhase section */

/* Begin PBXSourcesBuildPhase section */
		9D13EF891E2F65380070EB6C /* Sources */ = {
			isa = PBXSourcesBuildPhase;
			buildActionMask = 2147483647;
			files = (
				9D13EF981E2F65380070EB6C /* ViewController.m in Sources */,
				9D13EF951E2F65380070EB6C /* AppDelegate.m in Sources */,
				9D13EF921E2F65380070EB6C /* main.m in Sources */,
			);
			runOnlyForDeploymentPostprocessing = 0;
		};
		9D13EFA21E2F65380070EB6C /* Sources */ = {
			isa = PBXSourcesBuildPhase;
			buildActionMask = 2147483647;
			files = (
				9D13EFAB1E2F65380070EB6C /* BombTestTests.m in Sources */,
			);
			runOnlyForDeploymentPostprocessing = 0;
		};
		9D13EFAD1E2F65380070EB6C /* Sources */ = {
			isa = PBXSourcesBuildPhase;
			buildActionMask = 2147483647;
			files = (
				9D13EFB61E2F65380070EB6C /* BombTestUITests.m in Sources */,
			);
			runOnlyForDeploymentPostprocessing = 0;
		};
/* End PBXSourcesBuildPhase section */

/* Begin PBXTargetDependency section */
		9D13EFA81E2F65380070EB6C /* PBXTargetDependency */ = {
			isa = PBXTargetDependency;
			target = 9D13EF8C1E2F65380070EB6C /* BombTest */;
			targetProxy = 9D13EFA71E2F65380070EB6C /* PBXContainerItemProxy */;
		};
		9D13EFB31E2F65380070EB6C /* PBXTargetDependency */ = {
			isa = PBXTargetDependency;
			target = 9D13EF8C1E2F65380070EB6C /* BombTest */;
			targetProxy = 9D13EFB21E2F65380070EB6C /* PBXContainerItemProxy */;
		};
/* End PBXTargetDependency section */

/* Begin PBXVariantGroup section */
		9D13EF991E2F65380070EB6C /* Main.storyboard */ = {
			isa = PBXVariantGroup;
			children = (
				9D13EF9A1E2F65380070EB6C /* Base */,
			);
			name = Main.storyboard;
			sourceTree = "<group>";
		};
		9D13EF9E1E2F65380070EB6C /* LaunchScreen.storyboard */ = {
			isa = PBXVariantGroup;
			children = (
				9D13EF9F1E2F65380070EB6C /* Base */,
			);
			name = LaunchScreen.storyboard;
			sourceTree = "<group>";
		};
/* End PBXVariantGroup section */

/* Begin XCBuildConfiguration section */
		9D13EFB81E2F65380070EB6C /* Debug */ = {
			isa = XCBuildConfiguration;
			buildSettings = {
				ALWAYS_SEARCH_USER_PATHS = NO;
				CLANG_ANALYZER_NONNULL = YES;
				CLANG_CXX_LANGUAGE_STANDARD = "gnu++0x";
				CLANG_CXX_LIBRARY = "libc++";
				CLANG_ENABLE_MODULES = YES;
				CLANG_ENABLE_OBJC_ARC = YES;
				CLANG_WARN_BOOL_CONVERSION = YES;
				CLANG_WARN_CONSTANT_CONVERSION = YES;
				CLANG_WARN_DIRECT_OBJC_ISA_USAGE = YES_ERROR;
				CLANG_WARN_DOCUMENTATION_COMMENTS = YES;
				CLANG_WARN_EMPTY_BODY = YES;
				CLANG_WARN_ENUM_CONVERSION = YES;
				CLANG_WARN_INFINITE_RECURSION = YES;
				CLANG_WARN_INT_CONVERSION = YES;
				CLANG_WARN_OBJC_ROOT_CLASS = YES_ERROR;
				CLANG_WARN_SUSPICIOUS_MOVES = YES;
				CLANG_WARN_UNREACHABLE_CODE = YES;
				CLANG_WARN__DUPLICATE_METHOD_MATCH = YES;
				"CODE_SIGN_IDENTITY[sdk=iphoneos*]" = "iPhone Developer";
				COPY_PHASE_STRIP = NO;
				DEBUG_INFORMATION_FORMAT = dwarf;
				ENABLE_STRICT_OBJC_MSGSEND = YES;
				ENABLE_TESTABILITY = YES;
				GCC_C_LANGUAGE_STANDARD = gnu99;
				GCC_DYNAMIC_NO_PIC = NO;
				GCC_NO_COMMON_BLOCKS = YES;
				GCC_OPTIMIZATION_LEVEL = 0;
				GCC_PREPROCESSOR_DEFINITIONS = (
					"DEBUG=1",
					"$(inherited)",
				);
				GCC_WARN_64_TO_32_BIT_CONVERSION = YES;
				GCC_WARN_ABOUT_RETURN_TYPE = YES_ERROR;
				GCC_WARN_UNDECLARED_SELECTOR = YES;
				GCC_WARN_UNINITIALIZED_AUTOS = YES_AGGRESSIVE;
				GCC_WARN_UNUSED_FUNCTION = YES;
				GCC_WARN_UNUSED_VARIABLE = YES;
				IPHONEOS_DEPLOYMENT_TARGET = 10.1;
				MTL_ENABLE_DEBUG_INFO = YES;
				ONLY_ACTIVE_ARCH = YES;
				SDKROOT = iphoneos;
				TARGETED_DEVICE_FAMILY = "1,2";
			};
			name = Debug;
		};
		9D13EFB91E2F65380070EB6C /* Release */ = {
			isa = XCBuildConfiguration;
			buildSettings = {
				ALWAYS_SEARCH_USER_PATHS = NO;
				CLANG_ANALYZER_NONNULL = YES;
				CLANG_CXX_LANGUAGE_STANDARD = "gnu++0x";
				CLANG_CXX_LIBRARY = "libc++";
				CLANG_ENABLE_MODULES = YES;
				CLANG_ENABLE_OBJC_ARC = YES;
				CLANG_WARN_BOOL_CONVERSION = YES;
				CLANG_WARN_CONSTANT_CONVERSION = YES;
				CLANG_WARN_DIRECT_OBJC_ISA_USAGE = YES_ERROR;
				CLANG_WARN_DOCUMENTATION_COMMENTS = YES;
				CLANG_WARN_EMPTY_BODY = YES;
				CLANG_WARN_ENUM_CONVERSION = YES;
				CLANG_WARN_INFINITE_RECURSION = YES;
				CLANG_WARN_INT_CONVERSION = YES;
				CLANG_WARN_OBJC_ROOT_CLASS = YES_ERROR;
				CLANG_WARN_SUSPICIOUS_MOVES = YES;
				CLANG_WARN_UNREACHABLE_CODE = YES;
				CLANG_WARN__DUPLICATE_METHOD_MATCH = YES;
				"CODE_SIGN_IDENTITY[sdk=iphoneos*]" = "iPhone Developer";
				COPY_PHASE_STRIP = NO;
				DEBUG_INFORMATION_FORMAT = "dwarf-with-dsym";
				ENABLE_NS_ASSERTIONS = NO;
				ENABLE_STRICT_OBJC_MSGSEND = YES;
				GCC_C_LANGUAGE_STANDARD = gnu99;
				GCC_NO_COMMON_BLOCKS = YES;
				GCC_WARN_64_TO_32_BIT_CONVERSION = YES;
				GCC_WARN_ABOUT_RETURN_TYPE = YES_ERROR;
				GCC_WARN_UNDECLARED_SELECTOR = YES;
				GCC_WARN_UNINITIALIZED_AUTOS = YES_AGGRESSIVE;
				GCC_WARN_UNUSED_FUNCTION = YES;
				GCC_WARN_UNUSED_VARIABLE = YES;
				IPHONEOS_DEPLOYMENT_TARGET = 10.1;
				MTL_ENABLE_DEBUG_INFO = NO;
				SDKROOT = iphoneos;
				TARGETED_DEVICE_FAMILY = "1,2";
				VALIDATE_PRODUCT = YES;
			};
			name = Release;
		};
		9D13EFBB1E2F65380070EB6C /* Debug */ = {
			isa = XCBuildConfiguration;
			buildSettings = {
				ASSETCATALOG_COMPILER_APPICON_NAME = AppIcon;
				DEVELOPMENT_TEAM = WHZ86RVEU3;
				FRAMEWORK_SEARCH_PATHS = (
					"$(inherited)",
					"$(PROJECT_DIR)/BombTest",
				);
				INFOPLIST_FILE = BombTest/Info.plist;
				LD_RUNPATH_SEARCH_PATHS = "$(inherited) @executable_path/Frameworks";
				PRODUCT_BUNDLE_IDENTIFIER = com.lengleng.BombTest;
				PRODUCT_NAME = "$(TARGET_NAME)";
			};
			name = Debug;
		};
		9D13EFBC1E2F65380070EB6C /* Release */ = {
			isa = XCBuildConfiguration;
			buildSettings = {
				ASSETCATALOG_COMPILER_APPICON_NAME = AppIcon;
				DEVELOPMENT_TEAM = WHZ86RVEU3;
				FRAMEWORK_SEARCH_PATHS = (
					"$(inherited)",
					"$(PROJECT_DIR)/BombTest",
				);
				INFOPLIST_FILE = BombTest/Info.plist;
				LD_RUNPATH_SEARCH_PATHS = "$(inherited) @executable_path/Frameworks";
				PRODUCT_BUNDLE_IDENTIFIER = com.lengleng.BombTest;
				PRODUCT_NAME = "$(TARGET_NAME)";
			};
			name = Release;
		};
		9D13EFBE1E2F65380070EB6C /* Debug */ = {
			isa = XCBuildConfiguration;
			buildSettings = {
				BUNDLE_LOADER = "$(TEST_HOST)";
				INFOPLIST_FILE = BombTestTests/Info.plist;
				LD_RUNPATH_SEARCH_PATHS = "$(inherited) @executable_path/Frameworks @loader_path/Frameworks";
				PRODUCT_BUNDLE_IDENTIFIER = com.lengleng.BombTestTests;
				PRODUCT_NAME = "$(TARGET_NAME)";
				TEST_HOST = "$(BUILT_PRODUCTS_DIR)/BombTest.app/BombTest";
			};
			name = Debug;
		};
		9D13EFBF1E2F65380070EB6C /* Release */ = {
			isa = XCBuildConfiguration;
			buildSettings = {
				BUNDLE_LOADER = "$(TEST_HOST)";
				INFOPLIST_FILE = BombTestTests/Info.plist;
				LD_RUNPATH_SEARCH_PATHS = "$(inherited) @executable_path/Frameworks @loader_path/Frameworks";
				PRODUCT_BUNDLE_IDENTIFIER = com.lengleng.BombTestTests;
				PRODUCT_NAME = "$(TARGET_NAME)";
				TEST_HOST = "$(BUILT_PRODUCTS_DIR)/BombTest.app/BombTest";
			};
			name = Release;
		};
		9D13EFC11E2F65380070EB6C /* Debug */ = {
			isa = XCBuildConfiguration;
			buildSettings = {
				INFOPLIST_FILE = BombTestUITests/Info.plist;
				LD_RUNPATH_SEARCH_PATHS = "$(inherited) @executable_path/Frameworks @loader_path/Frameworks";
				PRODUCT_BUNDLE_IDENTIFIER = com.lengleng.BombTestUITests;
				PRODUCT_NAME = "$(TARGET_NAME)";
				TEST_TARGET_NAME = BombTest;
			};
			name = Debug;
		};
		9D13EFC21E2F65380070EB6C /* Release */ = {
			isa = XCBuildConfiguration;
			buildSettings = {
				INFOPLIST_FILE = BombTestUITests/Info.plist;
				LD_RUNPATH_SEARCH_PATHS = "$(inherited) @executable_path/Frameworks @loader_path/Frameworks";
				PRODUCT_BUNDLE_IDENTIFIER = com.lengleng.BombTestUITests;
				PRODUCT_NAME = "$(TARGET_NAME)";
				TEST_TARGET_NAME = BombTest;
			};
			name = Release;
		};
/* End XCBuildConfiguration section */

/* Begin XCConfigurationList section */
		9D13EF881E2F65380070EB6C /* Build configuration list for PBXProject "BombTest" */ = {
			isa = XCConfigurationList;
			buildConfigurations = (
				9D13EFB81E2F65380070EB6C /* Debug */,
				9D13EFB91E2F65380070EB6C /* Release */,
			);
			defaultConfigurationIsVisible = 0;
			defaultConfigurationName = Release;
		};
		9D13EFBA1E2F65380070EB6C /* Build configuration list for PBXNativeTarget "BombTest" */ = {
			isa = XCConfigurationList;
			buildConfigurations = (
				9D13EFBB1E2F65380070EB6C /* Debug */,
				9D13EFBC1E2F65380070EB6C /* Release */,
			);
			defaultConfigurationIsVisible = 0;
		};
		9D13EFBD1E2F65380070EB6C /* Build configuration list for PBXNativeTarget "BombTestTests" */ = {
			isa = XCConfigurationList;
			buildConfigurations = (
				9D13EFBE1E2F65380070EB6C /* Debug */,
				9D13EFBF1E2F65380070EB6C /* Release */,
			);
			defaultConfigurationIsVisible = 0;
		};
		9D13EFC01E2F65380070EB6C /* Build configuration list for PBXNativeTarget "BombTestUITests" */ = {
			isa = XCConfigurationList;
			buildConfigurations = (
				9D13EFC11E2F65380070EB6C /* Debug */,
				9D13EFC21E2F65380070EB6C /* Release */,
			);
			defaultConfigurationIsVisible = 0;
		};
/* End XCConfigurationList section */
	};
	rootObject = 9D13EF851E2F65380070EB6C /* Project object */;
}
